
Microsoft Visual Studio Solution File, Format Version 12.00
# Visual Studio Version 17
VisualStudioVersion = 17.5.002.0
MinimumVisualStudioVersion = 10.0.40219.1
Project("{9A19103F-16F7-4668-BE54-9A1E7A4F7556}") = "Eplay", "Eplay.csproj", "{C779F205-5F06-4C7C-93EF-FF6FA97A7398}"
EndProject
Global
	GlobalSection(SolutionConfigurationPlatforms) = preSolution
		Debug|Any CPU = Debug|Any CPU
		Release|Any CPU = Release|Any CPU
	EndGlobalSection
	GlobalSection(ProjectConfigurationPlatforms) = postSolution
		{C779F205-5F06-4C7C-93EF-FF6FA97A7398}.Debug|Any CPU.ActiveCfg = Debug|Any CPU
		{C779F205-5F06-4C7C-93EF-FF6FA97A7398}.Debug|Any CPU.Build.0 = Debug|Any CPU
		{C779F205-5F06-4C7C-93EF-FF6FA97A7398}.Release|Any CPU.ActiveCfg = Release|Any CPU
		{C779F205-5F06-4C7C-93EF-FF6FA97A7398}.Release|Any CPU.Build.0 = Release|Any CPU
	EndGlobalSection
	GlobalSection(SolutionProperties) = preSolution
		HideSolutionNode = FALSE
	EndGlobalSection
	GlobalSection(ExtensibilityGlobals) = postSolution
		SolutionGuid = {2532D93D-5E6D-4D1B-B38E-24C69FBBD998}
	EndGlobalSection
EndGlobal
